{
  "name": "Figma-Framework",
  "version": "1.0.0",
  "lockfileVersion": 2,
  "requires": true,
  "packages": {
    "": {
      "name": "Figma-Framework",
      "version": "1.0.0",
      "devDependencies": {
        "@figma/plugin-typings": "^1.19.0"
      }
    },
    "node_modules/@figma/plugin-typings": {
      "version": "1.19.0",
      "resolved": "https://artifactory.secureserver.net/artifactory/api/npm/node-virt/@figma/plugin-typings/-/plugin-typings-1.19.0.tgz",
      "integrity": "sha1-nuxOZ1DFOnylRktX1323voQUOko=",
      "dev": true,
      "license": "ISC"
    }
  },
  "dependencies": {
    "@figma/plugin-typings": {
      "version": "1.19.0",
      "resolved": "https://artifactory.secureserver.net/artifactory/api/npm/node-virt/@figma/plugin-typings/-/plugin-typings-1.19.0.tgz",
      "integrity": "sha1-nuxOZ1DFOnylRktX1323voQUOko=",
      "dev": true
    }
  }
}
