{
  "name": "gd-intents",
  "version": "1.0.0",
  "lockfileVersion": 1,
  "requires": true,
  "dependencies": {
    "@figma/plugin-typings": {
      "version": "1.19.0",
      "resolved": "https://artifactory.secureserver.net/artifactory/api/npm/node-virt/@figma/plugin-typings/-/plugin-typings-1.19.0.tgz",
      "integrity": "sha1-nuxOZ1DFOnylRktX1323voQUOko=",
      "dev": true
    }
  }
}
